<?xml version="1.0" encoding="utf-8"?>
<Project ToolsVersion="4.0" xmlns="http://schemas.microsoft.com/developer/msbuild/2003">
  <ItemGroup>
    <Filter Include="Source Files">
      <UniqueIdentifier>{4bd0f6eb-8665-4e6e-870b-18b279ea0086}</UniqueIdentifier>
      <Extensions>cpp;c;cxx;rc;def;r;odl;idl;hpj;bat</Extensions>
    </Filter>
  </ItemGroup>
  <ItemGroup>
    <ClCompile Include="..\..\src\lib\Libpython\common_python_utils.c">
      <Filter>Source Files</Filter>
    </ClCompile>
    <ClCompile Include="pbs_ifl_wrap.c">
      <Filter>Source Files</Filter>
    </ClCompile>
    <ClCompile Include="..\..\src\lib\Libpython\pbs_python_external.c">
      <Filter>Source Files</Filter>
    </ClCompile>
  </ItemGroup>
</Project>